// !$*UTF8*$!
{
	archiveVersion = 1;
	classes = {
	};
	objectVersion = 56;
	objects = {

/* Begin PBXBuildFile section */
		BB5B51CB2C7C87280029EA39 /* MarvelComicsApp.swift in Sources */ = {isa = PBXBuildFile; fileRef = BB5B51CA2C7C87280029EA39 /* MarvelComicsApp.swift */; };
		BB5B51CD2C7C87280029EA39 /* HomeView.swift in Sources */ = {isa = PBXBuildFile; fileRef = BB5B51CC2C7C87280029EA39 /* HomeView.swift */; };
		BB5B51CF2C7C872A0029EA39 /* Assets.xcassets in Resources */ = {isa = PBXBuildFile; fileRef = BB5B51CE2C7C872A0029EA39 /* Assets.xcassets */; };
		BB5B51D22C7C872A0029EA39 /* Preview Assets.xcassets in Resources */ = {isa = PBXBuildFile; fileRef = BB5B51D12C7C872A0029EA39 /* Preview Assets.xcassets */; };
		BB99D9632C7DECAA00695F07 /* HomeViewModel.swift in Sources */ = {isa = PBXBuildFile; fileRef = BB99D9622C7DECAA00695F07 /* HomeViewModel.swift */; };
		BB99D9652C7DEF1C00695F07 /* ComicView.swift in Sources */ = {isa = PBXBuildFile; fileRef = BB99D9642C7DEF1C00695F07 /* ComicView.swift */; };
		BBA2285D2C7F18580084FEF6 /* DetailsView.swift in Sources */ = {isa = PBXBuildFile; fileRef = BBA2285C2C7F18580084FEF6 /* DetailsView.swift */; };
		BBA2285F2C7F46F40084FEF6 /* SearchView.swift in Sources */ = {isa = PBXBuildFile; fileRef = BBA2285E2C7F46F40084FEF6 /* SearchView.swift */; };
		BBE029BA2C7C94FB0084B31B /* ComicModel.swift in Sources */ = {isa = PBXBuildFile; fileRef = BBE029B92C7C94FB0084B31B /* ComicModel.swift */; };
		BBE029BC2C7C957B0084B31B /* MarvelService.swift in Sources */ = {isa = PBXBuildFile; fileRef = BBE029BB2C7C957B0084B31B /* MarvelService.swift */; };
		BBE029C12C7C9A350084B31B /* Envs.swift in Sources */ = {isa = PBXBuildFile; fileRef = BBE029C02C7C9A350084B31B /* Envs.swift */; };
/* End PBXBuildFile section */

/* Begin PBXFileReference section */
		BB5B51C72C7C87280029EA39 /* MarvelComics.app */ = {isa = PBXFileReference; explicitFileType = wrapper.application; includeInIndex = 0; path = MarvelComics.app; sourceTree = BUILT_PRODUCTS_DIR; };
		BB5B51CA2C7C87280029EA39 /* MarvelComicsApp.swift */ = {isa = PBXFileReference; lastKnownFileType = sourcecode.swift; path = MarvelComicsApp.swift; sourceTree = "<group>"; };
		BB5B51CC2C7C87280029EA39 /* HomeView.swift */ = {isa = PBXFileReference; lastKnownFileType = sourcecode.swift; path = HomeView.swift; sourceTree = "<group>"; };
		BB5B51CE2C7C872A0029EA39 /* Assets.xcassets */ = {isa = PBXFileReference; lastKnownFileType = folder.assetcatalog; path = Assets.xcassets; sourceTree = "<group>"; };
		BB5B51D12C7C872A0029EA39 /* Preview Assets.xcassets */ = {isa = PBXFileReference; lastKnownFileType = folder.assetcatalog; path = "Preview Assets.xcassets"; sourceTree = "<group>"; };
		BB99D9622C7DECAA00695F07 /* HomeViewModel.swift */ = {isa = PBXFileReference; lastKnownFileType = sourcecode.swift; path = HomeViewModel.swift; sourceTree = "<group>"; };
		BB99D9642C7DEF1C00695F07 /* ComicView.swift */ = {isa = PBXFileReference; lastKnownFileType = sourcecode.swift; path = ComicView.swift; sourceTree = "<group>"; };
		BB99D9662C7DF88800695F07 /* Info.plist */ = {isa = PBXFileReference; lastKnownFileType = text.plist; path = Info.plist; sourceTree = "<group>"; };
		BBA2285C2C7F18580084FEF6 /* DetailsView.swift */ = {isa = PBXFileReference; lastKnownFileType = sourcecode.swift; path = DetailsView.swift; sourceTree = "<group>"; };
		BBA2285E2C7F46F40084FEF6 /* SearchView.swift */ = {isa = PBXFileReference; lastKnownFileType = sourcecode.swift; path = SearchView.swift; sourceTree = "<group>"; };
		BBE029B92C7C94FB0084B31B /* ComicModel.swift */ = {isa = PBXFileReference; lastKnownFileType = sourcecode.swift; path = ComicModel.swift; sourceTree = "<group>"; };
		BBE029BB2C7C957B0084B31B /* MarvelService.swift */ = {isa = PBXFileReference; lastKnownFileType = sourcecode.swift; path = MarvelService.swift; sourceTree = "<group>"; };
		BBE029C02C7C9A350084B31B /* Envs.swift */ = {isa = PBXFileReference; lastKnownFileType = sourcecode.swift; path = Envs.swift; sourceTree = "<group>"; };
/* End PBXFileReference section */

/* Begin PBXFrameworksBuildPhase section */
		BB5B51C42C7C87280029EA39 /* Frameworks */ = {
			isa = PBXFrameworksBuildPhase;
			buildActionMask = 2147483647;
			files = (
			);
			runOnlyForDeploymentPostprocessing = 0;
		};
/* End PBXFrameworksBuildPhase section */

/* Begin PBXGroup section */
		BB5B51BE2C7C87280029EA39 = {
			isa = PBXGroup;
			children = (
				BB5B51C92C7C87280029EA39 /* MarvelComics */,
				BB5B51C82C7C87280029EA39 /* Products */,
			);
			sourceTree = "<group>";
		};
		BB5B51C82C7C87280029EA39 /* Products */ = {
			isa = PBXGroup;
			children = (
				BB5B51C72C7C87280029EA39 /* MarvelComics.app */,
			);
			name = Products;
			sourceTree = "<group>";
		};
		BB5B51C92C7C87280029EA39 /* MarvelComics */ = {
			isa = PBXGroup;
			children = (
				BB99D9662C7DF88800695F07 /* Info.plist */,
				BBE029B82C7C934E0084B31B /* ViewModels */,
				BBE029B72C7C90470084B31B /* Utilities */,
				BBE029B62C7C8FC10084B31B /* Models */,
				BBE029B52C7C8FB40084B31B /* Views */,
				BB5B51CA2C7C87280029EA39 /* MarvelComicsApp.swift */,
				BB5B51CE2C7C872A0029EA39 /* Assets.xcassets */,
				BB5B51D02C7C872A0029EA39 /* Preview Content */,
			);
			path = MarvelComics;
			sourceTree = "<group>";
		};
		BB5B51D02C7C872A0029EA39 /* Preview Content */ = {
			isa = PBXGroup;
			children = (
				BB5B51D12C7C872A0029EA39 /* Preview Assets.xcassets */,
			);
			path = "Preview Content";
			sourceTree = "<group>";
		};
		BBE029B52C7C8FB40084B31B /* Views */ = {
			isa = PBXGroup;
			children = (
				BB5B51CC2C7C87280029EA39 /* HomeView.swift */,
				BB99D9642C7DEF1C00695F07 /* ComicView.swift */,
				BBA2285C2C7F18580084FEF6 /* DetailsView.swift */,
				BBA2285E2C7F46F40084FEF6 /* SearchView.swift */,
			);
			path = Views;
			sourceTree = "<group>";
		};
		BBE029B62C7C8FC10084B31B /* Models */ = {
			isa = PBXGroup;
			children = (
				BBE029B92C7C94FB0084B31B /* ComicModel.swift */,
			);
			path = Models;
			sourceTree = "<group>";
		};
		BBE029B72C7C90470084B31B /* Utilities */ = {
			isa = PBXGroup;
			children = (
				BBE029BB2C7C957B0084B31B /* MarvelService.swift */,
				BBE029C02C7C9A350084B31B /* Envs.swift */,
			);
			path = Utilities;
			sourceTree = "<group>";
		};
		BBE029B82C7C934E0084B31B /* ViewModels */ = {
			isa = PBXGroup;
			children = (
				BB99D9622C7DECAA00695F07 /* HomeViewModel.swift */,
			);
			path = ViewModels;
			sourceTree = "<group>";
		};
/* End PBXGroup section */

/* Begin PBXNativeTarget section */
		BB5B51C62C7C87280029EA39 /* MarvelComics */ = {
			isa = PBXNativeTarget;
			buildConfigurationList = BB5B51D52C7C872A0029EA39 /* Build configuration list for PBXNativeTarget "MarvelComics" */;
			buildPhases = (
				BB5B51C32C7C87280029EA39 /* Sources */,
				BB5B51C42C7C87280029EA39 /* Frameworks */,
				BB5B51C52C7C87280029EA39 /* Resources */,
			);
			buildRules = (
			);
			dependencies = (
			);
			name = MarvelComics;
			productName = MarvelComics;
			productReference = BB5B51C72C7C87280029EA39 /* MarvelComics.app */;
			productType = "com.apple.product-type.application";
		};
/* End PBXNativeTarget section */

/* Begin PBXProject section */
		BB5B51BF2C7C87280029EA39 /* Project object */ = {
			isa = PBXProject;
			attributes = {
				BuildIndependentTargetsInParallel = 1;
				LastSwiftUpdateCheck = 1520;
				LastUpgradeCheck = 1520;
				TargetAttributes = {
					BB5B51C62C7C87280029EA39 = {
						CreatedOnToolsVersion = 15.2;
					};
				};
			};
			buildConfigurationList = BB5B51C22C7C87280029EA39 /* Build configuration list for PBXProject "MarvelComics" */;
			compatibilityVersion = "Xcode 14.0";
			developmentRegion = en;
			hasScannedForEncodings = 0;
			knownRegions = (
				en,
				Base,
			);
			mainGroup = BB5B51BE2C7C87280029EA39;
			productRefGroup = BB5B51C82C7C87280029EA39 /* Products */;
			projectDirPath = "";
			projectRoot = "";
			targets = (
				BB5B51C62C7C87280029EA39 /* MarvelComics */,
			);
		};
/* End PBXProject section */

/* Begin PBXResourcesBuildPhase section */
		BB5B51C52C7C87280029EA39 /* Resources */ = {
			isa = PBXResourcesBuildPhase;
			buildActionMask = 2147483647;
			files = (
				BB5B51D22C7C872A0029EA39 /* Preview Assets.xcassets in Resources */,
				BB5B51CF2C7C872A0029EA39 /* Assets.xcassets in Resources */,
			);
			runOnlyForDeploymentPostprocessing = 0;
		};
/* End PBXResourcesBuildPhase section */

/* Begin PBXSourcesBuildPhase section */
		BB5B51C32C7C87280029EA39 /* Sources */ = {
			isa = PBXSourcesBuildPhase;
			buildActionMask = 2147483647;
			files = (
				BB5B51CD2C7C87280029EA39 /* HomeView.swift in Sources */,
				BBA2285F2C7F46F40084FEF6 /* SearchView.swift in Sources */,
				BB99D9632C7DECAA00695F07 /* HomeViewModel.swift in Sources */,
				BB5B51CB2C7C87280029EA39 /* MarvelComicsApp.swift in Sources */,
				BBE029BC2C7C957B0084B31B /* MarvelService.swift in Sources */,
				BBE029C12C7C9A350084B31B /* Envs.swift in Sources */,
				BBA2285D2C7F18580084FEF6 /* DetailsView.swift in Sources */,
				BBE029BA2C7C94FB0084B31B /* ComicModel.swift in Sources */,
				BB99D9652C7DEF1C00695F07 /* ComicView.swift in Sources */,
			);
			runOnlyForDeploymentPostprocessing = 0;
		};
/* End PBXSourcesBuildPhase section */

/* Begin XCBuildConfiguration section */
		BB5B51D32C7C872A0029EA39 /* Debug */ = {
			isa = XCBuildConfiguration;
			buildSettings = {
				ALWAYS_SEARCH_USER_PATHS = NO;
				ASSETCATALOG_COMPILER_GENERATE_SWIFT_ASSET_SYMBOL_EXTENSIONS = YES;
				CLANG_ANALYZER_NONNULL = YES;
				CLANG_ANALYZER_NUMBER_OBJECT_CONVERSION = YES_AGGRESSIVE;
				CLANG_CXX_LANGUAGE_STANDARD = "gnu++20";
				CLANG_ENABLE_MODULES = YES;
				CLANG_ENABLE_OBJC_ARC = YES;
				CLANG_ENABLE_OBJC_WEAK = YES;
				CLANG_WARN_BLOCK_CAPTURE_AUTORELEASING = YES;
				CLANG_WARN_BOOL_CONVERSION = YES;
				CLANG_WARN_COMMA = YES;
				CLANG_WARN_CONSTANT_CONVERSION = YES;
				CLANG_WARN_DEPRECATED_OBJC_IMPLEMENTATIONS = YES;
				CLANG_WARN_DIRECT_OBJC_ISA_USAGE = YES_ERROR;
				CLANG_WARN_DOCUMENTATION_COMMENTS = YES;
				CLANG_WARN_EMPTY_BODY = YES;
				CLANG_WARN_ENUM_CONVERSION = YES;
				CLANG_WARN_INFINITE_RECURSION = YES;
				CLANG_WARN_INT_CONVERSION = YES;
				CLANG_WARN_NON_LITERAL_NULL_CONVERSION = YES;
				CLANG_WARN_OBJC_IMPLICIT_RETAIN_SELF = YES;
				CLANG_WARN_OBJC_LITERAL_CONVERSION = YES;
				CLANG_WARN_OBJC_ROOT_CLASS = YES_ERROR;
				CLANG_WARN_QUOTED_INCLUDE_IN_FRAMEWORK_HEADER = YES;
				CLANG_WARN_RANGE_LOOP_ANALYSIS = YES;
				CLANG_WARN_STRICT_PROTOTYPES = YES;
				CLANG_WARN_SUSPICIOUS_MOVE = YES;
				CLANG_WARN_UNGUARDED_AVAILABILITY = YES_AGGRESSIVE;
				CLANG_WARN_UNREACHABLE_CODE = YES;
				CLANG_WARN__DUPLICATE_METHOD_MATCH = YES;
				COPY_PHASE_STRIP = NO;
				DEBUG_INFORMATION_FORMAT = dwarf;
				ENABLE_STRICT_OBJC_MSGSEND = YES;
				ENABLE_TESTABILITY = YES;
				ENABLE_USER_SCRIPT_SANDBOXING = YES;
				GCC_C_LANGUAGE_STANDARD = gnu17;
				GCC_DYNAMIC_NO_PIC = NO;
				GCC_NO_COMMON_BLOCKS = YES;
				GCC_OPTIMIZATION_LEVEL = 0;
				GCC_PREPROCESSOR_DEFINITIONS = (
					"DEBUG=1",
					"$(inherited)",
				);
				GCC_WARN_64_TO_32_BIT_CONVERSION = YES;
				GCC_WARN_ABOUT_RETURN_TYPE = YES_ERROR;
				GCC_WARN_UNDECLARED_SELECTOR = YES;
				GCC_WARN_UNINITIALIZED_AUTOS = YES_AGGRESSIVE;
				GCC_WARN_UNUSED_FUNCTION = YES;
				GCC_WARN_UNUSED_VARIABLE = YES;
				IPHONEOS_DEPLOYMENT_TARGET = 17.2;
				LOCALIZATION_PREFERS_STRING_CATALOGS = YES;
				MTL_ENABLE_DEBUG_INFO = INCLUDE_SOURCE;
				MTL_FAST_MATH = YES;
				ONLY_ACTIVE_ARCH = YES;
				SDKROOT = iphoneos;
				SWIFT_ACTIVE_COMPILATION_CONDITIONS = "DEBUG $(inherited)";
				SWIFT_OPTIMIZATION_LEVEL = "-Onone";
			};
			name = Debug;
		};
		BB5B51D42C7C872A0029EA39 /* Release */ = {
			isa = XCBuildConfiguration;
			buildSettings = {
				ALWAYS_SEARCH_USER_PATHS = NO;
				ASSETCATALOG_COMPILER_GENERATE_SWIFT_ASSET_SYMBOL_EXTENSIONS = YES;
				CLANG_ANALYZER_NONNULL = YES;
				CLANG_ANALYZER_NUMBER_OBJECT_CONVERSION = YES_AGGRESSIVE;
				CLANG_CXX_LANGUAGE_STANDARD = "gnu++20";
				CLANG_ENABLE_MODULES = YES;
				CLANG_ENABLE_OBJC_ARC = YES;
				CLANG_ENABLE_OBJC_WEAK = YES;
				CLANG_WARN_BLOCK_CAPTURE_AUTORELEASING = YES;
				CLANG_WARN_BOOL_CONVERSION = YES;
				CLANG_WARN_COMMA = YES;
				CLANG_WARN_CONSTANT_CONVERSION = YES;
				CLANG_WARN_DEPRECATED_OBJC_IMPLEMENTATIONS = YES;
				CLANG_WARN_DIRECT_OBJC_ISA_USAGE = YES_ERROR;
				CLANG_WARN_DOCUMENTATION_COMMENTS = YES;
				CLANG_WARN_EMPTY_BODY = YES;
				CLANG_WARN_ENUM_CONVERSION = YES;
				CLANG_WARN_INFINITE_RECURSION = YES;
				CLANG_WARN_INT_CONVERSION = YES;
				CLANG_WARN_NON_LITERAL_NULL_CONVERSION = YES;
				CLANG_WARN_OBJC_IMPLICIT_RETAIN_SELF = YES;
				CLANG_WARN_OBJC_LITERAL_CONVERSION = YES;
				CLANG_WARN_OBJC_ROOT_CLASS = YES_ERROR;
				CLANG_WARN_QUOTED_INCLUDE_IN_FRAMEWORK_HEADER = YES;
				CLANG_WARN_RANGE_LOOP_ANALYSIS = YES;
				CLANG_WARN_STRICT_PROTOTYPES = YES;
				CLANG_WARN_SUSPICIOUS_MOVE = YES;
				CLANG_WARN_UNGUARDED_AVAILABILITY = YES_AGGRESSIVE;
				CLANG_WARN_UNREACHABLE_CODE = YES;
				CLANG_WARN__DUPLICATE_METHOD_MATCH = YES;
				COPY_PHASE_STRIP = NO;
				DEBUG_INFORMATION_FORMAT = "dwarf-with-dsym";
				ENABLE_NS_ASSERTIONS = NO;
				ENABLE_STRICT_OBJC_MSGSEND = YES;
				ENABLE_USER_SCRIPT_SANDBOXING = YES;
				GCC_C_LANGUAGE_STANDARD = gnu17;
				GCC_NO_COMMON_BLOCKS = YES;
				GCC_WARN_64_TO_32_BIT_CONVERSION = YES;
				GCC_WARN_ABOUT_RETURN_TYPE = YES_ERROR;
				GCC_WARN_UNDECLARED_SELECTOR = YES;
				GCC_WARN_UNINITIALIZED_AUTOS = YES_AGGRESSIVE;
				GCC_WARN_UNUSED_FUNCTION = YES;
				GCC_WARN_UNUSED_VARIABLE = YES;
				IPHONEOS_DEPLOYMENT_TARGET = 17.2;
				LOCALIZATION_PREFERS_STRING_CATALOGS = YES;
				MTL_ENABLE_DEBUG_INFO = NO;
				MTL_FAST_MATH = YES;
				SDKROOT = iphoneos;
				SWIFT_COMPILATION_MODE = wholemodule;
				VALIDATE_PRODUCT = YES;
			};
			name = Release;
		};
		BB5B51D62C7C872A0029EA39 /* Debug */ = {
			isa = XCBuildConfiguration;
			buildSettings = {
				ASSETCATALOG_COMPILER_APPICON_NAME = AppIcon;
				ASSETCATALOG_COMPILER_GLOBAL_ACCENT_COLOR_NAME = AccentColor;
				CODE_SIGN_STYLE = Automatic;
				CURRENT_PROJECT_VERSION = 1;
				DEVELOPMENT_ASSET_PATHS = "\"MarvelComics/Preview Content\"";
				DEVELOPMENT_TEAM = 3B83HXW9AJ;
				ENABLE_PREVIEWS = YES;
				GENERATE_INFOPLIST_FILE = YES;
				INFOPLIST_FILE = MarvelComics/Info.plist;
				INFOPLIST_KEY_UIApplicationSceneManifest_Generation = YES;
				INFOPLIST_KEY_UIApplicationSupportsIndirectInputEvents = YES;
				INFOPLIST_KEY_UILaunchScreen_Generation = YES;
				INFOPLIST_KEY_UISupportedInterfaceOrientations_iPad = "UIInterfaceOrientationPortrait UIInterfaceOrientationPortraitUpsideDown UIInterfaceOrientationLandscapeLeft UIInterfaceOrientationLandscapeRight";
				INFOPLIST_KEY_UISupportedInterfaceOrientations_iPhone = "UIInterfaceOrientationPortrait UIInterfaceOrientationLandscapeLeft UIInterfaceOrientationLandscapeRight";
				LD_RUNPATH_SEARCH_PATHS = (
					"$(inherited)",
					"@executable_path/Frameworks",
				);
				MARKETING_VERSION = 1.0;
				PRODUCT_BUNDLE_IDENTIFIER = me.bahlaj.piotr.MarvelComics;
				PRODUCT_NAME = "$(TARGET_NAME)";
				SWIFT_EMIT_LOC_STRINGS = YES;
				SWIFT_VERSION = 5.0;
				TARGETED_DEVICE_FAMILY = "1,2";
			};
			name = Debug;
		};
		BB5B51D72C7C872A0029EA39 /* Release */ = {
			isa = XCBuildConfiguration;
			buildSettings = {
				ASSETCATALOG_COMPILER_APPICON_NAME = AppIcon;
				ASSETCATALOG_COMPILER_GLOBAL_ACCENT_COLOR_NAME = AccentColor;
				CODE_SIGN_STYLE = Automatic;
				CURRENT_PROJECT_VERSION = 1;
				DEVELOPMENT_ASSET_PATHS = "\"MarvelComics/Preview Content\"";
				DEVELOPMENT_TEAM = 3B83HXW9AJ;
				ENABLE_PREVIEWS = YES;
				GENERATE_INFOPLIST_FILE = YES;
				INFOPLIST_FILE = MarvelComics/Info.plist;
				INFOPLIST_KEY_UIApplicationSceneManifest_Generation = YES;
				INFOPLIST_KEY_UIApplicationSupportsIndirectInputEvents = YES;
				INFOPLIST_KEY_UILaunchScreen_Generation = YES;
				INFOPLIST_KEY_UISupportedInterfaceOrientations_iPad = "UIInterfaceOrientationPortrait UIInterfaceOrientationPortraitUpsideDown UIInterfaceOrientationLandscapeLeft UIInterfaceOrientationLandscapeRight";
				INFOPLIST_KEY_UISupportedInterfaceOrientations_iPhone = "UIInterfaceOrientationPortrait UIInterfaceOrientationLandscapeLeft UIInterfaceOrientationLandscapeRight";
				LD_RUNPATH_SEARCH_PATHS = (
					"$(inherited)",
					"@executable_path/Frameworks",
				);
				MARKETING_VERSION = 1.0;
				PRODUCT_BUNDLE_IDENTIFIER = me.bahlaj.piotr.MarvelComics;
				PRODUCT_NAME = "$(TARGET_NAME)";
				SWIFT_EMIT_LOC_STRINGS = YES;
				SWIFT_VERSION = 5.0;
				TARGETED_DEVICE_FAMILY = "1,2";
			};
			name = Release;
		};
/* End XCBuildConfiguration section */

/* Begin XCConfigurationList section */
		BB5B51C22C7C87280029EA39 /* Build configuration list for PBXProject "MarvelComics" */ = {
			isa = XCConfigurationList;
			buildConfigurations = (
				BB5B51D32C7C872A0029EA39 /* Debug */,
				BB5B51D42C7C872A0029EA39 /* Release */,
			);
			defaultConfigurationIsVisible = 0;
			defaultConfigurationName = Release;
		};
		BB5B51D52C7C872A0029EA39 /* Build configuration list for PBXNativeTarget "MarvelComics" */ = {
			isa = XCConfigurationList;
			buildConfigurations = (
				BB5B51D62C7C872A0029EA39 /* Debug */,
				BB5B51D72C7C872A0029EA39 /* Release */,
			);
			defaultConfigurationIsVisible = 0;
			defaultConfigurationName = Release;
		};
/* End XCConfigurationList section */
	};
	rootObject = BB5B51BF2C7C87280029EA39 /* Project object */;
}
